
Microsoft Visual Studio Solution File, Format Version 12.00
# Visual Studio Version 16
VisualStudioVersion = 16.0.30204.135
MinimumVisualStudioVersion = 10.0.40219.1
Project("{FAE04EC0-301F-11D3-BF4B-00C04F79EFBC}") = "WPFPL", "WPFPL\WPFPL.csproj", "{ECBA8367-D78F-43D7-A464-DAA858AAAC46}"
EndProject
Project("{FAE04EC0-301F-11D3-BF4B-00C04F79EFBC}") = "BE", "BE\BE.csproj", "{F7195051-4A7B-4401-9F87-152BB878DEC2}"
EndProject
Project("{FAE04EC0-301F-11D3-BF4B-00C04F79EFBC}") = "BL", "BL\BL.csproj", "{D55D1783-CF3D-4E03-8BC6-9FB0DC5E21B4}"
EndProject
Project("{FAE04EC0-301F-11D3-BF4B-00C04F79EFBC}") = "DAL", "DAL\DAL.csproj", "{A40C9C2E-52FE-475C-A4F8-27ACA52CC6EA}"
EndProject
Project("{FAE04EC0-301F-11D3-BF4B-00C04F79EFBC}") = "DS", "DS\DS.csproj", "{008A0388-FE85-4551-B429-FE688CF6B8E5}"
EndProject
Global
	GlobalSection(SolutionConfigurationPlatforms) = preSolution
		Debug|Any CPU = Debug|Any CPU
		Release|Any CPU = Release|Any CPU
	EndGlobalSection
	GlobalSection(ProjectConfigurationPlatforms) = postSolution
		{ECBA8367-D78F-43D7-A464-DAA858AAAC46}.Debug|Any CPU.ActiveCfg = Debug|Any CPU
		{ECBA8367-D78F-43D7-A464-DAA858AAAC46}.Debug|Any CPU.Build.0 = Debug|Any CPU
		{ECBA8367-D78F-43D7-A464-DAA858AAAC46}.Release|Any CPU.ActiveCfg = Release|Any CPU
		{ECBA8367-D78F-43D7-A464-DAA858AAAC46}.Release|Any CPU.Build.0 = Release|Any CPU
		{F7195051-4A7B-4401-9F87-152BB878DEC2}.Debug|Any CPU.ActiveCfg = Debug|Any CPU
		{F7195051-4A7B-4401-9F87-152BB878DEC2}.Debug|Any CPU.Build.0 = Debug|Any CPU
		{F7195051-4A7B-4401-9F87-152BB878DEC2}.Release|Any CPU.ActiveCfg = Release|Any CPU
		{F7195051-4A7B-4401-9F87-152BB878DEC2}.Release|Any CPU.Build.0 = Release|Any CPU
		{D55D1783-CF3D-4E03-8BC6-9FB0DC5E21B4}.Debug|Any CPU.ActiveCfg = Debug|Any CPU
		{D55D1783-CF3D-4E03-8BC6-9FB0DC5E21B4}.Debug|Any CPU.Build.0 = Debug|Any CPU
		{D55D1783-CF3D-4E03-8BC6-9FB0DC5E21B4}.Release|Any CPU.ActiveCfg = Release|Any CPU
		{D55D1783-CF3D-4E03-8BC6-9FB0DC5E21B4}.Release|Any CPU.Build.0 = Release|Any CPU
		{A40C9C2E-52FE-475C-A4F8-27ACA52CC6EA}.Debug|Any CPU.ActiveCfg = Debug|Any CPU
		{A40C9C2E-52FE-475C-A4F8-27ACA52CC6EA}.Debug|Any CPU.Build.0 = Debug|Any CPU
		{A40C9C2E-52FE-475C-A4F8-27ACA52CC6EA}.Release|Any CPU.ActiveCfg = Release|Any CPU
		{A40C9C2E-52FE-475C-A4F8-27ACA52CC6EA}.Release|Any CPU.Build.0 = Release|Any CPU
		{008A0388-FE85-4551-B429-FE688CF6B8E5}.Debug|Any CPU.ActiveCfg = Debug|Any CPU
		{008A0388-FE85-4551-B429-FE688CF6B8E5}.Debug|Any CPU.Build.0 = Debug|Any CPU
		{008A0388-FE85-4551-B429-FE688CF6B8E5}.Release|Any CPU.ActiveCfg = Release|Any CPU
		{008A0388-FE85-4551-B429-FE688CF6B8E5}.Release|Any CPU.Build.0 = Release|Any CPU
	EndGlobalSection
	GlobalSection(SolutionProperties) = preSolution
		HideSolutionNode = FALSE
	EndGlobalSection
	GlobalSection(ExtensibilityGlobals) = postSolution
		SolutionGuid = {C8F3C0B2-5751-4183-B947-C31C32803F9F}
	EndGlobalSection
EndGlobal
